Microsoft Visual Studio Solution File, Format Version 12.00
# Visual Studio Version 17
VisualStudioVersion = 17.5.2.0
MinimumVisualStudioVersion = 10.0.40219.1
Project("{FAE04EC0-301F-11D3-BF4B-00C04F79EFBC}") = "SQLEXE", "SQLEXE.csproj", "{B3F4880C-9AAC-44DE-7730-B2CA81F8D803}"
EndProject
Global
	GlobalSection(SolutionConfigurationPlatforms) = preSolution
		Debug|Any CPU = Debug|Any CPU
		Release|Any CPU = Release|Any CPU
	EndGlobalSection
	GlobalSection(ProjectConfigurationPlatforms) = postSolution
		{B3F4880C-9AAC-44DE-7730-B2CA81F8D803}.Debug|Any CPU.ActiveCfg = Debug|Any CPU
		{B3F4880C-9AAC-44DE-7730-B2CA81F8D803}.Debug|Any CPU.Build.0 = Debug|Any CPU
		{B3F4880C-9AAC-44DE-7730-B2CA81F8D803}.Release|Any CPU.ActiveCfg = Release|Any CPU
		{B3F4880C-9AAC-44DE-7730-B2CA81F8D803}.Release|Any CPU.Build.0 = Release|Any CPU
	EndGlobalSection
	GlobalSection(SolutionProperties) = preSolution
		HideSolutionNode = FALSE
	EndGlobalSection
	GlobalSection(ExtensibilityGlobals) = postSolution
		SolutionGuid = {5A587295-9BF0-471A-B52B-4C6AB8E74D1C}
	EndGlobalSection
EndGlobal
